
Microsoft Visual Studio Solution File, Format Version 12.00
# Visual Studio 15
VisualStudioVersion = 15.0.28307.168
MinimumVisualStudioVersion = 10.0.40219.1
Project("{FAE04EC0-301F-11D3-BF4B-00C04F79EFBC}") = "MyShelf", "MyShelf\MyShelf.csproj", "{4D174E8F-C0D0-49E8-9693-CE1983AF6663}"
EndProject
Project("{FAE04EC0-301F-11D3-BF4B-00C04F79EFBC}") = "Livro", "Livro\Livro.csproj", "{90DE6105-B57A-45F4-9495-8EC524075ADB}"
EndProject
Project("{FAE04EC0-301F-11D3-BF4B-00C04F79EFBC}") = "Funcionario", "Funcionario\Funcionario.csproj", "{7F0E038A-E4CB-4B86-9450-11E789111A76}"
EndProject
Global
	GlobalSection(SolutionConfigurationPlatforms) = preSolution
		Debug|Any CPU = Debug|Any CPU
		Release|Any CPU = Release|Any CPU
	EndGlobalSection
	GlobalSection(ProjectConfigurationPlatforms) = postSolution
		{4D174E8F-C0D0-49E8-9693-CE1983AF6663}.Debug|Any CPU.ActiveCfg = Debug|Any CPU
		{4D174E8F-C0D0-49E8-9693-CE1983AF6663}.Debug|Any CPU.Build.0 = Debug|Any CPU
		{4D174E8F-C0D0-49E8-9693-CE1983AF6663}.Release|Any CPU.ActiveCfg = Release|Any CPU
		{4D174E8F-C0D0-49E8-9693-CE1983AF6663}.Release|Any CPU.Build.0 = Release|Any CPU
		{90DE6105-B57A-45F4-9495-8EC524075ADB}.Debug|Any CPU.ActiveCfg = Debug|Any CPU
		{90DE6105-B57A-45F4-9495-8EC524075ADB}.Debug|Any CPU.Build.0 = Debug|Any CPU
		{90DE6105-B57A-45F4-9495-8EC524075ADB}.Release|Any CPU.ActiveCfg = Release|Any CPU
		{90DE6105-B57A-45F4-9495-8EC524075ADB}.Release|Any CPU.Build.0 = Release|Any CPU
		{7F0E038A-E4CB-4B86-9450-11E789111A76}.Debug|Any CPU.ActiveCfg = Debug|Any CPU
		{7F0E038A-E4CB-4B86-9450-11E789111A76}.Debug|Any CPU.Build.0 = Debug|Any CPU
		{7F0E038A-E4CB-4B86-9450-11E789111A76}.Release|Any CPU.ActiveCfg = Release|Any CPU
		{7F0E038A-E4CB-4B86-9450-11E789111A76}.Release|Any CPU.Build.0 = Release|Any CPU
	EndGlobalSection
	GlobalSection(SolutionProperties) = preSolution
		HideSolutionNode = FALSE
	EndGlobalSection
	GlobalSection(ExtensibilityGlobals) = postSolution
		SolutionGuid = {227F61E3-255C-43F2-89E8-F16223A4DC93}
	EndGlobalSection
EndGlobal
